
Microsoft Visual Studio Solution File, Format Version 12.00
# Visual Studio Version 17
VisualStudioVersion = 17.9.34728.123
MinimumVisualStudioVersion = 10.0.40219.1
Project("{9A19103F-16F7-4668-BE54-9A1E7A4F7556}") = "ServiceC", "ServiceC\ServiceC.csproj", "{C084A049-D8F8-4CE0-B876-915017E34A24}"
EndProject
Project("{9A19103F-16F7-4668-BE54-9A1E7A4F7556}") = "ServiceB", "ServiceB\ServiceB.csproj", "{4A0427E8-2845-4FD8-B713-ED70111CAE4F}"
EndProject
Project("{9A19103F-16F7-4668-BE54-9A1E7A4F7556}") = "ServiceA", "ServiceA\ServiceA.csproj", "{59E3D46C-05ED-42EB-945D-548E7648BA55}"
EndProject
Global
	GlobalSection(SolutionConfigurationPlatforms) = preSolution
		Debug|Any CPU = Debug|Any CPU
		Release|Any CPU = Release|Any CPU
	EndGlobalSection
	GlobalSection(ProjectConfigurationPlatforms) = postSolution
		{C084A049-D8F8-4CE0-B876-915017E34A24}.Debug|Any CPU.ActiveCfg = Debug|Any CPU
		{C084A049-D8F8-4CE0-B876-915017E34A24}.Debug|Any CPU.Build.0 = Debug|Any CPU
		{C084A049-D8F8-4CE0-B876-915017E34A24}.Release|Any CPU.ActiveCfg = Release|Any CPU
		{C084A049-D8F8-4CE0-B876-915017E34A24}.Release|Any CPU.Build.0 = Release|Any CPU
		{4A0427E8-2845-4FD8-B713-ED70111CAE4F}.Debug|Any CPU.ActiveCfg = Debug|Any CPU
		{4A0427E8-2845-4FD8-B713-ED70111CAE4F}.Debug|Any CPU.Build.0 = Debug|Any CPU
		{4A0427E8-2845-4FD8-B713-ED70111CAE4F}.Release|Any CPU.ActiveCfg = Release|Any CPU
		{4A0427E8-2845-4FD8-B713-ED70111CAE4F}.Release|Any CPU.Build.0 = Release|Any CPU
		{59E3D46C-05ED-42EB-945D-548E7648BA55}.Debug|Any CPU.ActiveCfg = Debug|Any CPU
		{59E3D46C-05ED-42EB-945D-548E7648BA55}.Debug|Any CPU.Build.0 = Debug|Any CPU
		{59E3D46C-05ED-42EB-945D-548E7648BA55}.Release|Any CPU.ActiveCfg = Release|Any CPU
		{59E3D46C-05ED-42EB-945D-548E7648BA55}.Release|Any CPU.Build.0 = Release|Any CPU
	EndGlobalSection
	GlobalSection(SolutionProperties) = preSolution
		HideSolutionNode = FALSE
	EndGlobalSection
	GlobalSection(ExtensibilityGlobals) = postSolution
		SolutionGuid = {6797F62F-7E8A-4C61-AD22-A7DB890BB60E}
	EndGlobalSection
EndGlobal
